// !$*UTF8*$!
{
	archiveVersion = 1;
	classes = {
	};
	objectVersion = 50;
	objects = {

/* Begin PBXBuildFile section */
		053E933B22562B2B002E0BDB /* AppDelegate.swift in Sources */ = {isa = PBXBuildFile; fileRef = 053E933A22562B2B002E0BDB /* AppDelegate.swift */; };
		053E933D22562B2B002E0BDB /* MainViewController.swift in Sources */ = {isa = PBXBuildFile; fileRef = 053E933C22562B2B002E0BDB /* MainViewController.swift */; };
		053E934322562B2B002E0BDB /* OpenData.xcdatamodeld in Sources */ = {isa = PBXBuildFile; fileRef = 053E934122562B2B002E0BDB /* OpenData.xcdatamodeld */; };
		053E934522562B2C002E0BDB /* Assets.xcassets in Resources */ = {isa = PBXBuildFile; fileRef = 053E934422562B2C002E0BDB /* Assets.xcassets */; };
		053E934822562B2C002E0BDB /* LaunchScreen.storyboard in Resources */ = {isa = PBXBuildFile; fileRef = 053E934622562B2C002E0BDB /* LaunchScreen.storyboard */; };
		053E93512257119C002E0BDB /* IconCell.swift in Sources */ = {isa = PBXBuildFile; fileRef = 053E93502257119C002E0BDB /* IconCell.swift */; };
		053E93542257433E002E0BDB /* IconModel.swift in Sources */ = {isa = PBXBuildFile; fileRef = 053E93532257433E002E0BDB /* IconModel.swift */; };
		053E935722574453002E0BDB /* NewsViewController.swift in Sources */ = {isa = PBXBuildFile; fileRef = 053E935622574453002E0BDB /* NewsViewController.swift */; };
		05780168225ACB1B00D49FFF /* LotteryViewController.swift in Sources */ = {isa = PBXBuildFile; fileRef = 05780167225ACB1B00D49FFF /* LotteryViewController.swift */; };
		05CB5A2E22587E80006CFCFC /* PaperTabView.swift in Sources */ = {isa = PBXBuildFile; fileRef = 05CB5A2D22587E80006CFCFC /* PaperTabView.swift */; };
		05CB5A302258854A006CFCFC /* UIViewAdditions.swift in Sources */ = {isa = PBXBuildFile; fileRef = 05CB5A2F2258854A006CFCFC /* UIViewAdditions.swift */; };
		05CB5A332259994D006CFCFC /* NewsTableViewController.swift in Sources */ = {isa = PBXBuildFile; fileRef = 05CB5A322259994D006CFCFC /* NewsTableViewController.swift */; };
		05CB5A3522599DDB006CFCFC /* NewsCell.swift in Sources */ = {isa = PBXBuildFile; fileRef = 05CB5A3422599DDB006CFCFC /* NewsCell.swift */; };
		05CB5A372259A071006CFCFC /* NewsModel.swift in Sources */ = {isa = PBXBuildFile; fileRef = 05CB5A362259A071006CFCFC /* NewsModel.swift */; };
		05CB5A392259CFA5006CFCFC /* WebViewController.swift in Sources */ = {isa = PBXBuildFile; fileRef = 05CB5A382259CFA5006CFCFC /* WebViewController.swift */; };
		05CB5A3C2259E08C006CFCFC /* PhonePlaceViewController.swift in Sources */ = {isa = PBXBuildFile; fileRef = 05CB5A3B2259E08C006CFCFC /* PhonePlaceViewController.swift */; };
		05CB5A3E2259EC77006CFCFC /* PhonePlaceModel.swift in Sources */ = {isa = PBXBuildFile; fileRef = 05CB5A3D2259EC77006CFCFC /* PhonePlaceModel.swift */; };
		21B9711DBC69666CA8C2D059 /* Pods_OpenData.framework in Frameworks */ = {isa = PBXBuildFile; fileRef = 0A55DB8DC804C45425A016C9 /* Pods_OpenData.framework */; };
/* End PBXBuildFile section */

/* Begin PBXFileReference section */
		053E933722562B2B002E0BDB /* OpenData.app */ = {isa = PBXFileReference; explicitFileType = wrapper.application; includeInIndex = 0; path = OpenData.app; sourceTree = BUILT_PRODUCTS_DIR; };
		053E933A22562B2B002E0BDB /* AppDelegate.swift */ = {isa = PBXFileReference; lastKnownFileType = sourcecode.swift; path = AppDelegate.swift; sourceTree = "<group>"; };
		053E933C22562B2B002E0BDB /* MainViewController.swift */ = {isa = PBXFileReference; lastKnownFileType = sourcecode.swift; path = MainViewController.swift; sourceTree = "<group>"; };
		053E934222562B2B002E0BDB /* OpenData.xcdatamodel */ = {isa = PBXFileReference; lastKnownFileType = wrapper.xcdatamodel; path = OpenData.xcdatamodel; sourceTree = "<group>"; };
		053E934422562B2C002E0BDB /* Assets.xcassets */ = {isa = PBXFileReference; lastKnownFileType = folder.assetcatalog; path = Assets.xcassets; sourceTree = "<group>"; };
		053E934722562B2C002E0BDB /* Base */ = {isa = PBXFileReference; lastKnownFileType = file.storyboard; name = Base; path = Base.lproj/LaunchScreen.storyboard; sourceTree = "<group>"; };
		053E934922562B2C002E0BDB /* Info.plist */ = {isa = PBXFileReference; lastKnownFileType = text.plist.xml; path = Info.plist; sourceTree = "<group>"; };
		053E93502257119C002E0BDB /* IconCell.swift */ = {isa = PBXFileReference; lastKnownFileType = sourcecode.swift; path = IconCell.swift; sourceTree = "<group>"; };
		053E93532257433E002E0BDB /* IconModel.swift */ = {isa = PBXFileReference; lastKnownFileType = sourcecode.swift; path = IconModel.swift; sourceTree = "<group>"; };
		053E935622574453002E0BDB /* NewsViewController.swift */ = {isa = PBXFileReference; lastKnownFileType = sourcecode.swift; path = NewsViewController.swift; sourceTree = "<group>"; };
		05780167225ACB1B00D49FFF /* LotteryViewController.swift */ = {isa = PBXFileReference; lastKnownFileType = sourcecode.swift; path = LotteryViewController.swift; sourceTree = "<group>"; };
		05CB5A2D22587E80006CFCFC /* PaperTabView.swift */ = {isa = PBXFileReference; lastKnownFileType = sourcecode.swift; path = PaperTabView.swift; sourceTree = "<group>"; };
		05CB5A2F2258854A006CFCFC /* UIViewAdditions.swift */ = {isa = PBXFileReference; lastKnownFileType = sourcecode.swift; path = UIViewAdditions.swift; sourceTree = "<group>"; };
		05CB5A322259994D006CFCFC /* NewsTableViewController.swift */ = {isa = PBXFileReference; lastKnownFileType = sourcecode.swift; path = NewsTableViewController.swift; sourceTree = "<group>"; };
		05CB5A3422599DDB006CFCFC /* NewsCell.swift */ = {isa = PBXFileReference; lastKnownFileType = sourcecode.swift; path = NewsCell.swift; sourceTree = "<group>"; };
		05CB5A362259A071006CFCFC /* NewsModel.swift */ = {isa = PBXFileReference; lastKnownFileType = sourcecode.swift; path = NewsModel.swift; sourceTree = "<group>"; };
		05CB5A382259CFA5006CFCFC /* WebViewController.swift */ = {isa = PBXFileReference; lastKnownFileType = sourcecode.swift; path = WebViewController.swift; sourceTree = "<group>"; };
		05CB5A3B2259E08C006CFCFC /* PhonePlaceViewController.swift */ = {isa = PBXFileReference; lastKnownFileType = sourcecode.swift; path = PhonePlaceViewController.swift; sourceTree = "<group>"; };
		05CB5A3D2259EC77006CFCFC /* PhonePlaceModel.swift */ = {isa = PBXFileReference; lastKnownFileType = sourcecode.swift; path = PhonePlaceModel.swift; sourceTree = "<group>"; };
		0A55DB8DC804C45425A016C9 /* Pods_OpenData.framework */ = {isa = PBXFileReference; explicitFileType = wrapper.framework; includeInIndex = 0; path = Pods_OpenData.framework; sourceTree = BUILT_PRODUCTS_DIR; };
		923146873B593F58B0FA09D2 /* Pods-OpenData.release.xcconfig */ = {isa = PBXFileReference; includeInIndex = 1; lastKnownFileType = text.xcconfig; name = "Pods-OpenData.release.xcconfig"; path = "Target Support Files/Pods-OpenData/Pods-OpenData.release.xcconfig"; sourceTree = "<group>"; };
		E4890CC00FC6FB6666A91A84 /* Pods-OpenData.debug.xcconfig */ = {isa = PBXFileReference; includeInIndex = 1; lastKnownFileType = text.xcconfig; name = "Pods-OpenData.debug.xcconfig"; path = "Target Support Files/Pods-OpenData/Pods-OpenData.debug.xcconfig"; sourceTree = "<group>"; };
/* End PBXFileReference section */

/* Begin PBXFrameworksBuildPhase section */
		053E933422562B2B002E0BDB /* Frameworks */ = {
			isa = PBXFrameworksBuildPhase;
			buildActionMask = 2147483647;
			files = (
				21B9711DBC69666CA8C2D059 /* Pods_OpenData.framework in Frameworks */,
			);
			runOnlyForDeploymentPostprocessing = 0;
		};
/* End PBXFrameworksBuildPhase section */

/* Begin PBXGroup section */
		053E932E22562B2B002E0BDB = {
			isa = PBXGroup;
			children = (
				053E933922562B2B002E0BDB /* OpenData */,
				053E933822562B2B002E0BDB /* Products */,
				8E5A5662315D7DCD0E0320A1 /* Pods */,
				137C1A1E521066C5B906DB04 /* Frameworks */,
			);
			sourceTree = "<group>";
		};
		053E933822562B2B002E0BDB /* Products */ = {
			isa = PBXGroup;
			children = (
				053E933722562B2B002E0BDB /* OpenData.app */,
			);
			name = Products;
			sourceTree = "<group>";
		};
		053E933922562B2B002E0BDB /* OpenData */ = {
			isa = PBXGroup;
			children = (
				0578016B225AD18800D49FFF /* plugin */,
				0578016A225AD16800D49FFF /* app */,
				053E935522574420002E0BDB /* controller */,
				053E935222574321002E0BDB /* model */,
				053E934F22571174002E0BDB /* cell */,
				053E934422562B2C002E0BDB /* Assets.xcassets */,
			);
			path = OpenData;
			sourceTree = "<group>";
		};
		053E934F22571174002E0BDB /* cell */ = {
			isa = PBXGroup;
			children = (
				053E93502257119C002E0BDB /* IconCell.swift */,
				05CB5A3422599DDB006CFCFC /* NewsCell.swift */,
			);
			path = cell;
			sourceTree = "<group>";
		};
		053E935222574321002E0BDB /* model */ = {
			isa = PBXGroup;
			children = (
				053E93532257433E002E0BDB /* IconModel.swift */,
				05CB5A362259A071006CFCFC /* NewsModel.swift */,
				05CB5A3D2259EC77006CFCFC /* PhonePlaceModel.swift */,
			);
			path = model;
			sourceTree = "<group>";
		};
		053E935522574420002E0BDB /* controller */ = {
			isa = PBXGroup;
			children = (
				053E933C22562B2B002E0BDB /* MainViewController.swift */,
				05780166225ACAC200D49FFF /* lottery */,
				05CB5A3A2259E068006CFCFC /* phone_place */,
				05CB5A3122599916006CFCFC /* news */,
			);
			path = controller;
			sourceTree = "<group>";
		};
		05780166225ACAC200D49FFF /* lottery */ = {
			isa = PBXGroup;
			children = (
				05780167225ACB1B00D49FFF /* LotteryViewController.swift */,
			);
			path = lottery;
			sourceTree = "<group>";
		};
		0578016A225AD16800D49FFF /* app */ = {
			isa = PBXGroup;
			children = (
				053E933A22562B2B002E0BDB /* AppDelegate.swift */,
				053E934622562B2C002E0BDB /* LaunchScreen.storyboard */,
				053E934922562B2C002E0BDB /* Info.plist */,
				053E934122562B2B002E0BDB /* OpenData.xcdatamodeld */,
			);
			name = app;
			sourceTree = "<group>";
		};
		0578016B225AD18800D49FFF /* plugin */ = {
			isa = PBXGroup;
			children = (
				05CB5A2C22587E25006CFCFC /* tab */,
			);
			path = plugin;
			sourceTree = "<group>";
		};
		05CB5A2C22587E25006CFCFC /* tab */ = {
			isa = PBXGroup;
			children = (
				05CB5A2D22587E80006CFCFC /* PaperTabView.swift */,
				05CB5A2F2258854A006CFCFC /* UIViewAdditions.swift */,
			);
			path = tab;
			sourceTree = "<group>";
		};
		05CB5A3122599916006CFCFC /* news */ = {
			isa = PBXGroup;
			children = (
				053E935622574453002E0BDB /* NewsViewController.swift */,
				05CB5A322259994D006CFCFC /* NewsTableViewController.swift */,
				05CB5A382259CFA5006CFCFC /* WebViewController.swift */,
			);
			path = news;
			sourceTree = "<group>";
		};
		05CB5A3A2259E068006CFCFC /* phone_place */ = {
			isa = PBXGroup;
			children = (
				05CB5A3B2259E08C006CFCFC /* PhonePlaceViewController.swift */,
			);
			path = phone_place;
			sourceTree = "<group>";
		};
		137C1A1E521066C5B906DB04 /* Frameworks */ = {
			isa = PBXGroup;
			children = (
				0A55DB8DC804C45425A016C9 /* Pods_OpenData.framework */,
			);
			name = Frameworks;
			sourceTree = "<group>";
		};
		8E5A5662315D7DCD0E0320A1 /* Pods */ = {
			isa = PBXGroup;
			children = (
				E4890CC00FC6FB6666A91A84 /* Pods-OpenData.debug.xcconfig */,
				923146873B593F58B0FA09D2 /* Pods-OpenData.release.xcconfig */,
			);
			path = Pods;
			sourceTree = "<group>";
		};
/* End PBXGroup section */

/* Begin PBXNativeTarget section */
		053E933622562B2B002E0BDB /* OpenData */ = {
			isa = PBXNativeTarget;
			buildConfigurationList = 053E934C22562B2C002E0BDB /* Build configuration list for PBXNativeTarget "OpenData" */;
			buildPhases = (
				CE0E908E1B4CB0EA2CA049E6 /* [CP] Check Pods Manifest.lock */,
				053E933322562B2B002E0BDB /* Sources */,
				053E933422562B2B002E0BDB /* Frameworks */,
				053E933522562B2B002E0BDB /* Resources */,
				20839E488FF171334E5D2945 /* [CP] Embed Pods Frameworks */,
			);
			buildRules = (
			);
			dependencies = (
			);
			name = OpenData;
			productName = OpenData;
			productReference = 053E933722562B2B002E0BDB /* OpenData.app */;
			productType = "com.apple.product-type.application";
		};
/* End PBXNativeTarget section */

/* Begin PBXProject section */
		053E932F22562B2B002E0BDB /* Project object */ = {
			isa = PBXProject;
			attributes = {
				LastSwiftUpdateCheck = 1020;
				LastUpgradeCheck = 1020;
				ORGANIZATIONNAME = "jiyou xu";
				TargetAttributes = {
					053E933622562B2B002E0BDB = {
						CreatedOnToolsVersion = 10.2;
					};
				};
			};
			buildConfigurationList = 053E933222562B2B002E0BDB /* Build configuration list for PBXProject "OpenData" */;
			compatibilityVersion = "Xcode 9.3";
			developmentRegion = en;
			hasScannedForEncodings = 0;
			knownRegions = (
				en,
				Base,
			);
			mainGroup = 053E932E22562B2B002E0BDB;
			productRefGroup = 053E933822562B2B002E0BDB /* Products */;
			projectDirPath = "";
			projectRoot = "";
			targets = (
				053E933622562B2B002E0BDB /* OpenData */,
			);
		};
/* End PBXProject section */

/* Begin PBXResourcesBuildPhase section */
		053E933522562B2B002E0BDB /* Resources */ = {
			isa = PBXResourcesBuildPhase;
			buildActionMask = 2147483647;
			files = (
				053E934822562B2C002E0BDB /* LaunchScreen.storyboard in Resources */,
				053E934522562B2C002E0BDB /* Assets.xcassets in Resources */,
			);
			runOnlyForDeploymentPostprocessing = 0;
		};
/* End PBXResourcesBuildPhase section */

/* Begin PBXShellScriptBuildPhase section */
		20839E488FF171334E5D2945 /* [CP] Embed Pods Frameworks */ = {
			isa = PBXShellScriptBuildPhase;
			buildActionMask = 2147483647;
			files = (
			);
			inputFileListPaths = (
			);
			inputPaths = (
				"${PODS_ROOT}/Target Support Files/Pods-OpenData/Pods-OpenData-frameworks.sh",
				"${BUILT_PRODUCTS_DIR}/Alamofire/Alamofire.framework",
				"${BUILT_PRODUCTS_DIR}/AlamofireImage/AlamofireImage.framework",
				"${BUILT_PRODUCTS_DIR}/SnapKit/SnapKit.framework",
			);
			name = "[CP] Embed Pods Frameworks";
			outputFileListPaths = (
			);
			outputPaths = (
				"${TARGET_BUILD_DIR}/${FRAMEWORKS_FOLDER_PATH}/Alamofire.framework",
				"${TARGET_BUILD_DIR}/${FRAMEWORKS_FOLDER_PATH}/AlamofireImage.framework",
				"${TARGET_BUILD_DIR}/${FRAMEWORKS_FOLDER_PATH}/SnapKit.framework",
			);
			runOnlyForDeploymentPostprocessing = 0;
			shellPath = /bin/sh;
			shellScript = "\"${PODS_ROOT}/Target Support Files/Pods-OpenData/Pods-OpenData-frameworks.sh\"\n";
			showEnvVarsInLog = 0;
		};
		CE0E908E1B4CB0EA2CA049E6 /* [CP] Check Pods Manifest.lock */ = {
			isa = PBXShellScriptBuildPhase;
			buildActionMask = 2147483647;
			files = (
			);
			inputFileListPaths = (
			);
			inputPaths = (
				"${PODS_PODFILE_DIR_PATH}/Podfile.lock",
				"${PODS_ROOT}/Manifest.lock",
			);
			name = "[CP] Check Pods Manifest.lock";
			outputFileListPaths = (
			);
			outputPaths = (
				"$(DERIVED_FILE_DIR)/Pods-OpenData-checkManifestLockResult.txt",
			);
			runOnlyForDeploymentPostprocessing = 0;
			shellPath = /bin/sh;
			shellScript = "diff \"${PODS_PODFILE_DIR_PATH}/Podfile.lock\" \"${PODS_ROOT}/Manifest.lock\" > /dev/null\nif [ $? != 0 ] ; then\n    # print error to STDERR\n    echo \"error: The sandbox is not in sync with the Podfile.lock. Run 'pod install' or update your CocoaPods installation.\" >&2\n    exit 1\nfi\n# This output is used by Xcode 'outputs' to avoid re-running this script phase.\necho \"SUCCESS\" > \"${SCRIPT_OUTPUT_FILE_0}\"\n";
			showEnvVarsInLog = 0;
		};
/* End PBXShellScriptBuildPhase section */

/* Begin PBXSourcesBuildPhase section */
		053E933322562B2B002E0BDB /* Sources */ = {
			isa = PBXSourcesBuildPhase;
			buildActionMask = 2147483647;
			files = (
				05CB5A302258854A006CFCFC /* UIViewAdditions.swift in Sources */,
				05CB5A2E22587E80006CFCFC /* PaperTabView.swift in Sources */,
				053E93542257433E002E0BDB /* IconModel.swift in Sources */,
				053E933D22562B2B002E0BDB /* MainViewController.swift in Sources */,
				05780168225ACB1B00D49FFF /* LotteryViewController.swift in Sources */,
				05CB5A3522599DDB006CFCFC /* NewsCell.swift in Sources */,
				053E934322562B2B002E0BDB /* OpenData.xcdatamodeld in Sources */,
				05CB5A3E2259EC77006CFCFC /* PhonePlaceModel.swift in Sources */,
				05CB5A372259A071006CFCFC /* NewsModel.swift in Sources */,
				05CB5A392259CFA5006CFCFC /* WebViewController.swift in Sources */,
				05CB5A3C2259E08C006CFCFC /* PhonePlaceViewController.swift in Sources */,
				053E935722574453002E0BDB /* NewsViewController.swift in Sources */,
				053E93512257119C002E0BDB /* IconCell.swift in Sources */,
				053E933B22562B2B002E0BDB /* AppDelegate.swift in Sources */,
				05CB5A332259994D006CFCFC /* NewsTableViewController.swift in Sources */,
			);
			runOnlyForDeploymentPostprocessing = 0;
		};
/* End PBXSourcesBuildPhase section */

/* Begin PBXVariantGroup section */
		053E934622562B2C002E0BDB /* LaunchScreen.storyboard */ = {
			isa = PBXVariantGroup;
			children = (
				053E934722562B2C002E0BDB /* Base */,
			);
			name = LaunchScreen.storyboard;
			sourceTree = "<group>";
		};
/* End PBXVariantGroup section */

/* Begin XCBuildConfiguration section */
		053E934A22562B2C002E0BDB /* Debug */ = {
			isa = XCBuildConfiguration;
			buildSettings = {
				ALWAYS_SEARCH_USER_PATHS = NO;
				CLANG_ANALYZER_NONNULL = YES;
				CLANG_ANALYZER_NUMBER_OBJECT_CONVERSION = YES_AGGRESSIVE;
				CLANG_CXX_LANGUAGE_STANDARD = "gnu++14";
				CLANG_CXX_LIBRARY = "libc++";
				CLANG_ENABLE_MODULES = YES;
				CLANG_ENABLE_OBJC_ARC = YES;
				CLANG_ENABLE_OBJC_WEAK = YES;
				CLANG_WARN_BLOCK_CAPTURE_AUTORELEASING = YES;
				CLANG_WARN_BOOL_CONVERSION = YES;
				CLANG_WARN_COMMA = YES;
				CLANG_WARN_CONSTANT_CONVERSION = YES;
				CLANG_WARN_DEPRECATED_OBJC_IMPLEMENTATIONS = YES;
				CLANG_WARN_DIRECT_OBJC_ISA_USAGE = YES_ERROR;
				CLANG_WARN_DOCUMENTATION_COMMENTS = YES;
				CLANG_WARN_EMPTY_BODY = YES;
				CLANG_WARN_ENUM_CONVERSION = YES;
				CLANG_WARN_INFINITE_RECURSION = YES;
				CLANG_WARN_INT_CONVERSION = YES;
				CLANG_WARN_NON_LITERAL_NULL_CONVERSION = YES;
				CLANG_WARN_OBJC_IMPLICIT_RETAIN_SELF = YES;
				CLANG_WARN_OBJC_LITERAL_CONVERSION = YES;
				CLANG_WARN_OBJC_ROOT_CLASS = YES_ERROR;
				CLANG_WARN_RANGE_LOOP_ANALYSIS = YES;
				CLANG_WARN_STRICT_PROTOTYPES = YES;
				CLANG_WARN_SUSPICIOUS_MOVE = YES;
				CLANG_WARN_UNGUARDED_AVAILABILITY = YES_AGGRESSIVE;
				CLANG_WARN_UNREACHABLE_CODE = YES;
				CLANG_WARN__DUPLICATE_METHOD_MATCH = YES;
				CODE_SIGN_IDENTITY = "iPhone Developer";
				COPY_PHASE_STRIP = NO;
				DEBUG_INFORMATION_FORMAT = dwarf;
				ENABLE_STRICT_OBJC_MSGSEND = YES;
				ENABLE_TESTABILITY = YES;
				GCC_C_LANGUAGE_STANDARD = gnu11;
				GCC_DYNAMIC_NO_PIC = NO;
				GCC_NO_COMMON_BLOCKS = YES;
				GCC_OPTIMIZATION_LEVEL = 0;
				GCC_PREPROCESSOR_DEFINITIONS = (
					"DEBUG=1",
					"$(inherited)",
				);
				GCC_WARN_64_TO_32_BIT_CONVERSION = YES;
				GCC_WARN_ABOUT_RETURN_TYPE = YES_ERROR;
				GCC_WARN_UNDECLARED_SELECTOR = YES;
				GCC_WARN_UNINITIALIZED_AUTOS = YES_AGGRESSIVE;
				GCC_WARN_UNUSED_FUNCTION = YES;
				GCC_WARN_UNUSED_VARIABLE = YES;
				IPHONEOS_DEPLOYMENT_TARGET = 12.2;
				MTL_ENABLE_DEBUG_INFO = INCLUDE_SOURCE;
				MTL_FAST_MATH = YES;
				ONLY_ACTIVE_ARCH = YES;
				SDKROOT = iphoneos;
				SWIFT_ACTIVE_COMPILATION_CONDITIONS = DEBUG;
				SWIFT_OPTIMIZATION_LEVEL = "-Onone";
			};
			name = Debug;
		};
		053E934B22562B2C002E0BDB /* Release */ = {
			isa = XCBuildConfiguration;
			buildSettings = {
				ALWAYS_SEARCH_USER_PATHS = NO;
				CLANG_ANALYZER_NONNULL = YES;
				CLANG_ANALYZER_NUMBER_OBJECT_CONVERSION = YES_AGGRESSIVE;
				CLANG_CXX_LANGUAGE_STANDARD = "gnu++14";
				CLANG_CXX_LIBRARY = "libc++";
				CLANG_ENABLE_MODULES = YES;
				CLANG_ENABLE_OBJC_ARC = YES;
				CLANG_ENABLE_OBJC_WEAK = YES;
				CLANG_WARN_BLOCK_CAPTURE_AUTORELEASING = YES;
				CLANG_WARN_BOOL_CONVERSION = YES;
				CLANG_WARN_COMMA = YES;
				CLANG_WARN_CONSTANT_CONVERSION = YES;
				CLANG_WARN_DEPRECATED_OBJC_IMPLEMENTATIONS = YES;
				CLANG_WARN_DIRECT_OBJC_ISA_USAGE = YES_ERROR;
				CLANG_WARN_DOCUMENTATION_COMMENTS = YES;
				CLANG_WARN_EMPTY_BODY = YES;
				CLANG_WARN_ENUM_CONVERSION = YES;
				CLANG_WARN_INFINITE_RECURSION = YES;
				CLANG_WARN_INT_CONVERSION = YES;
				CLANG_WARN_NON_LITERAL_NULL_CONVERSION = YES;
				CLANG_WARN_OBJC_IMPLICIT_RETAIN_SELF = YES;
				CLANG_WARN_OBJC_LITERAL_CONVERSION = YES;
				CLANG_WARN_OBJC_ROOT_CLASS = YES_ERROR;
				CLANG_WARN_RANGE_LOOP_ANALYSIS = YES;
				CLANG_WARN_STRICT_PROTOTYPES = YES;
				CLANG_WARN_SUSPICIOUS_MOVE = YES;
				CLANG_WARN_UNGUARDED_AVAILABILITY = YES_AGGRESSIVE;
				CLANG_WARN_UNREACHABLE_CODE = YES;
				CLANG_WARN__DUPLICATE_METHOD_MATCH = YES;
				CODE_SIGN_IDENTITY = "iPhone Developer";
				COPY_PHASE_STRIP = NO;
				DEBUG_INFORMATION_FORMAT = "dwarf-with-dsym";
				ENABLE_NS_ASSERTIONS = NO;
				ENABLE_STRICT_OBJC_MSGSEND = YES;
				GCC_C_LANGUAGE_STANDARD = gnu11;
				GCC_NO_COMMON_BLOCKS = YES;
				GCC_WARN_64_TO_32_BIT_CONVERSION = YES;
				GCC_WARN_ABOUT_RETURN_TYPE = YES_ERROR;
				GCC_WARN_UNDECLARED_SELECTOR = YES;
				GCC_WARN_UNINITIALIZED_AUTOS = YES_AGGRESSIVE;
				GCC_WARN_UNUSED_FUNCTION = YES;
				GCC_WARN_UNUSED_VARIABLE = YES;
				IPHONEOS_DEPLOYMENT_TARGET = 12.2;
				MTL_ENABLE_DEBUG_INFO = NO;
				MTL_FAST_MATH = YES;
				SDKROOT = iphoneos;
				SWIFT_COMPILATION_MODE = wholemodule;
				SWIFT_OPTIMIZATION_LEVEL = "-O";
				VALIDATE_PRODUCT = YES;
			};
			name = Release;
		};
		053E934D22562B2C002E0BDB /* Debug */ = {
			isa = XCBuildConfiguration;
			baseConfigurationReference = E4890CC00FC6FB6666A91A84 /* Pods-OpenData.debug.xcconfig */;
			buildSettings = {
				ASSETCATALOG_COMPILER_APPICON_NAME = AppIcon;
				CODE_SIGN_STYLE = Automatic;
				DEVELOPMENT_TEAM = 9YF7BBMF5D;
				INFOPLIST_FILE = OpenData/Info.plist;
				LD_RUNPATH_SEARCH_PATHS = (
					"$(inherited)",
					"@executable_path/Frameworks",
				);
				PRODUCT_BUNDLE_IDENTIFIER = weidu.OpenData;
				PRODUCT_NAME = "$(TARGET_NAME)";
				SWIFT_VERSION = 5.0;
				TARGETED_DEVICE_FAMILY = "1,2";
			};
			name = Debug;
		};
		053E934E22562B2C002E0BDB /* Release */ = {
			isa = XCBuildConfiguration;
			baseConfigurationReference = 923146873B593F58B0FA09D2 /* Pods-OpenData.release.xcconfig */;
			buildSettings = {
				ASSETCATALOG_COMPILER_APPICON_NAME = AppIcon;
				CODE_SIGN_STYLE = Automatic;
				DEVELOPMENT_TEAM = 9YF7BBMF5D;
				INFOPLIST_FILE = OpenData/Info.plist;
				LD_RUNPATH_SEARCH_PATHS = (
					"$(inherited)",
					"@executable_path/Frameworks",
				);
				PRODUCT_BUNDLE_IDENTIFIER = weidu.OpenData;
				PRODUCT_NAME = "$(TARGET_NAME)";
				SWIFT_VERSION = 5.0;
				TARGETED_DEVICE_FAMILY = "1,2";
			};
			name = Release;
		};
/* End XCBuildConfiguration section */

/* Begin XCConfigurationList section */
		053E933222562B2B002E0BDB /* Build configuration list for PBXProject "OpenData" */ = {
			isa = XCConfigurationList;
			buildConfigurations = (
				053E934A22562B2C002E0BDB /* Debug */,
				053E934B22562B2C002E0BDB /* Release */,
			);
			defaultConfigurationIsVisible = 0;
			defaultConfigurationName = Release;
		};
		053E934C22562B2C002E0BDB /* Build configuration list for PBXNativeTarget "OpenData" */ = {
			isa = XCConfigurationList;
			buildConfigurations = (
				053E934D22562B2C002E0BDB /* Debug */,
				053E934E22562B2C002E0BDB /* Release */,
			);
			defaultConfigurationIsVisible = 0;
			defaultConfigurationName = Release;
		};
/* End XCConfigurationList section */

/* Begin XCVersionGroup section */
		053E934122562B2B002E0BDB /* OpenData.xcdatamodeld */ = {
			isa = XCVersionGroup;
			children = (
				053E934222562B2B002E0BDB /* OpenData.xcdatamodel */,
			);
			currentVersion = 053E934222562B2B002E0BDB /* OpenData.xcdatamodel */;
			path = OpenData.xcdatamodeld;
			sourceTree = "<group>";
			versionGroupType = wrapper.xcdatamodel;
		};
/* End XCVersionGroup section */
	};
	rootObject = 053E932F22562B2B002E0BDB /* Project object */;
}
